// !$*UTF8*$!
{
	archiveVersion = 1;
	classes = {
	};
	objectVersion = 46;
	objects = {

/* Begin PBXBuildFile section */
		2984F73A1D24BED80039AE7F /* AppDelegate.swift in Sources */ = {isa = PBXBuildFile; fileRef = 2984F7391D24BED80039AE7F /* AppDelegate.swift */; };
		2984F73C1D24BED80039AE7F /* ViewController.swift in Sources */ = {isa = PBXBuildFile; fileRef = 2984F73B1D24BED80039AE7F /* ViewController.swift */; };
		2984F73F1D24BED80039AE7F /* Main.storyboard in Resources */ = {isa = PBXBuildFile; fileRef = 2984F73D1D24BED80039AE7F /* Main.storyboard */; };
		2984F7411D24BED80039AE7F /* Assets.xcassets in Resources */ = {isa = PBXBuildFile; fileRef = 2984F7401D24BED80039AE7F /* Assets.xcassets */; };
		2984F7441D24BED80039AE7F /* LaunchScreen.storyboard in Resources */ = {isa = PBXBuildFile; fileRef = 2984F7421D24BED80039AE7F /* LaunchScreen.storyboard */; };
		2984F74F1D24BED80039AE7F /* FindStarViewerTests.swift in Sources */ = {isa = PBXBuildFile; fileRef = 2984F74E1D24BED80039AE7F /* FindStarViewerTests.swift */; };
		2984F75A1D24BED80039AE7F /* FindStarViewerUITests.swift in Sources */ = {isa = PBXBuildFile; fileRef = 2984F7591D24BED80039AE7F /* FindStarViewerUITests.swift */; };
/* End PBXBuildFile section */

/* Begin PBXContainerItemProxy section */
		2984F74B1D24BED80039AE7F /* PBXContainerItemProxy */ = {
			isa = PBXContainerItemProxy;
			containerPortal = 2984F72E1D24BED80039AE7F /* Project object */;
			proxyType = 1;
			remoteGlobalIDString = 2984F7351D24BED80039AE7F;
			remoteInfo = FindStarViewer;
		};
		2984F7561D24BED80039AE7F /* PBXContainerItemProxy */ = {
			isa = PBXContainerItemProxy;
			containerPortal = 2984F72E1D24BED80039AE7F /* Project object */;
			proxyType = 1;
			remoteGlobalIDString = 2984F7351D24BED80039AE7F;
			remoteInfo = FindStarViewer;
		};
/* End PBXContainerItemProxy section */

/* Begin PBXFileReference section */
		2984F7361D24BED80039AE7F /* FindStarViewer.app */ = {isa = PBXFileReference; explicitFileType = wrapper.application; includeInIndex = 0; path = FindStarViewer.app; sourceTree = BUILT_PRODUCTS_DIR; };
		2984F7391D24BED80039AE7F /* AppDelegate.swift */ = {isa = PBXFileReference; lastKnownFileType = sourcecode.swift; path = AppDelegate.swift; sourceTree = "<group>"; };
		2984F73B1D24BED80039AE7F /* ViewController.swift */ = {isa = PBXFileReference; lastKnownFileType = sourcecode.swift; path = ViewController.swift; sourceTree = "<group>"; };
		2984F73E1D24BED80039AE7F /* Base */ = {isa = PBXFileReference; lastKnownFileType = file.storyboard; name = Base; path = Base.lproj/Main.storyboard; sourceTree = "<group>"; };
		2984F7401D24BED80039AE7F /* Assets.xcassets */ = {isa = PBXFileReference; lastKnownFileType = folder.assetcatalog; path = Assets.xcassets; sourceTree = "<group>"; };
		2984F7431D24BED80039AE7F /* Base */ = {isa = PBXFileReference; lastKnownFileType = file.storyboard; name = Base; path = Base.lproj/LaunchScreen.storyboard; sourceTree = "<group>"; };
		2984F7451D24BED80039AE7F /* Info.plist */ = {isa = PBXFileReference; lastKnownFileType = text.plist.xml; path = Info.plist; sourceTree = "<group>"; };
		2984F74A1D24BED80039AE7F /* FindStarViewerTests.xctest */ = {isa = PBXFileReference; explicitFileType = wrapper.cfbundle; includeInIndex = 0; path = FindStarViewerTests.xctest; sourceTree = BUILT_PRODUCTS_DIR; };
		2984F74E1D24BED80039AE7F /* FindStarViewerTests.swift */ = {isa = PBXFileReference; lastKnownFileType = sourcecode.swift; path = FindStarViewerTests.swift; sourceTree = "<group>"; };
		2984F7501D24BED80039AE7F /* Info.plist */ = {isa = PBXFileReference; lastKnownFileType = text.plist.xml; path = Info.plist; sourceTree = "<group>"; };
		2984F7551D24BED80039AE7F /* FindStarViewerUITests.xctest */ = {isa = PBXFileReference; explicitFileType = wrapper.cfbundle; includeInIndex = 0; path = FindStarViewerUITests.xctest; sourceTree = BUILT_PRODUCTS_DIR; };
		2984F7591D24BED80039AE7F /* FindStarViewerUITests.swift */ = {isa = PBXFileReference; lastKnownFileType = sourcecode.swift; path = FindStarViewerUITests.swift; sourceTree = "<group>"; };
		2984F75B1D24BED80039AE7F /* Info.plist */ = {isa = PBXFileReference; lastKnownFileType = text.plist.xml; path = Info.plist; sourceTree = "<group>"; };
/* End PBXFileReference section */

/* Begin PBXFrameworksBuildPhase section */
		2984F7331D24BED80039AE7F /* Frameworks */ = {
			isa = PBXFrameworksBuildPhase;
			buildActionMask = 2147483647;
			files = (
			);
			runOnlyForDeploymentPostprocessing = 0;
		};
		2984F7471D24BED80039AE7F /* Frameworks */ = {
			isa = PBXFrameworksBuildPhase;
			buildActionMask = 2147483647;
			files = (
			);
			runOnlyForDeploymentPostprocessing = 0;
		};
		2984F7521D24BED80039AE7F /* Frameworks */ = {
			isa = PBXFrameworksBuildPhase;
			buildActionMask = 2147483647;
			files = (
			);
			runOnlyForDeploymentPostprocessing = 0;
		};
/* End PBXFrameworksBuildPhase section */

/* Begin PBXGroup section */
		2984F72D1D24BED80039AE7F = {
			isa = PBXGroup;
			children = (
				2984F7381D24BED80039AE7F /* FindStarViewer */,
				2984F74D1D24BED80039AE7F /* FindStarViewerTests */,
				2984F7581D24BED80039AE7F /* FindStarViewerUITests */,
				2984F7371D24BED80039AE7F /* Products */,
			);
			sourceTree = "<group>";
		};
		2984F7371D24BED80039AE7F /* Products */ = {
			isa = PBXGroup;
			children = (
				2984F7361D24BED80039AE7F /* FindStarViewer.app */,
				2984F74A1D24BED80039AE7F /* FindStarViewerTests.xctest */,
				2984F7551D24BED80039AE7F /* FindStarViewerUITests.xctest */,
			);
			name = Products;
			sourceTree = "<group>";
		};
		2984F7381D24BED80039AE7F /* FindStarViewer */ = {
			isa = PBXGroup;
			children = (
				2984F7391D24BED80039AE7F /* AppDelegate.swift */,
				2984F73B1D24BED80039AE7F /* ViewController.swift */,
				2984F73D1D24BED80039AE7F /* Main.storyboard */,
				2984F7401D24BED80039AE7F /* Assets.xcassets */,
				2984F7421D24BED80039AE7F /* LaunchScreen.storyboard */,
				2984F7451D24BED80039AE7F /* Info.plist */,
			);
			path = FindStarViewer;
			sourceTree = "<group>";
		};
		2984F74D1D24BED80039AE7F /* FindStarViewerTests */ = {
			isa = PBXGroup;
			children = (
				2984F74E1D24BED80039AE7F /* FindStarViewerTests.swift */,
				2984F7501D24BED80039AE7F /* Info.plist */,
			);
			path = FindStarViewerTests;
			sourceTree = "<group>";
		};
		2984F7581D24BED80039AE7F /* FindStarViewerUITests */ = {
			isa = PBXGroup;
			children = (
				2984F7591D24BED80039AE7F /* FindStarViewerUITests.swift */,
				2984F75B1D24BED80039AE7F /* Info.plist */,
			);
			path = FindStarViewerUITests;
			sourceTree = "<group>";
		};
/* End PBXGroup section */

/* Begin PBXNativeTarget section */
		2984F7351D24BED80039AE7F /* FindStarViewer */ = {
			isa = PBXNativeTarget;
			buildConfigurationList = 2984F75E1D24BED80039AE7F /* Build configuration list for PBXNativeTarget "FindStarViewer" */;
			buildPhases = (
				2984F7321D24BED80039AE7F /* Sources */,
				2984F7331D24BED80039AE7F /* Frameworks */,
				2984F7341D24BED80039AE7F /* Resources */,
			);
			buildRules = (
			);
			dependencies = (
			);
			name = FindStarViewer;
			productName = FindStarViewer;
			productReference = 2984F7361D24BED80039AE7F /* FindStarViewer.app */;
			productType = "com.apple.product-type.application";
		};
		2984F7491D24BED80039AE7F /* FindStarViewerTests */ = {
			isa = PBXNativeTarget;
			buildConfigurationList = 2984F7611D24BED80039AE7F /* Build configuration list for PBXNativeTarget "FindStarViewerTests" */;
			buildPhases = (
				2984F7461D24BED80039AE7F /* Sources */,
				2984F7471D24BED80039AE7F /* Frameworks */,
				2984F7481D24BED80039AE7F /* Resources */,
			);
			buildRules = (
			);
			dependencies = (
				2984F74C1D24BED80039AE7F /* PBXTargetDependency */,
			);
			name = FindStarViewerTests;
			productName = FindStarViewerTests;
			productReference = 2984F74A1D24BED80039AE7F /* FindStarViewerTests.xctest */;
			productType = "com.apple.product-type.bundle.unit-test";
		};
		2984F7541D24BED80039AE7F /* FindStarViewerUITests */ = {
			isa = PBXNativeTarget;
			buildConfigurationList = 2984F7641D24BED80039AE7F /* Build configuration list for PBXNativeTarget "FindStarViewerUITests" */;
			buildPhases = (
				2984F7511D24BED80039AE7F /* Sources */,
				2984F7521D24BED80039AE7F /* Frameworks */,
				2984F7531D24BED80039AE7F /* Resources */,
			);
			buildRules = (
			);
			dependencies = (
				2984F7571D24BED80039AE7F /* PBXTargetDependency */,
			);
			name = FindStarViewerUITests;
			productName = FindStarViewerUITests;
			productReference = 2984F7551D24BED80039AE7F /* FindStarViewerUITests.xctest */;
			productType = "com.apple.product-type.bundle.ui-testing";
		};
/* End PBXNativeTarget section */

/* Begin PBXProject section */
		2984F72E1D24BED80039AE7F /* Project object */ = {
			isa = PBXProject;
			attributes = {
				LastSwiftUpdateCheck = 0730;
				LastUpgradeCheck = 0730;
				ORGANIZATIONNAME = tanaka.takaaki;
				TargetAttributes = {
					2984F7351D24BED80039AE7F = {
						CreatedOnToolsVersion = 7.3.1;
					};
					2984F7491D24BED80039AE7F = {
						CreatedOnToolsVersion = 7.3.1;
						TestTargetID = 2984F7351D24BED80039AE7F;
					};
					2984F7541D24BED80039AE7F = {
						CreatedOnToolsVersion = 7.3.1;
						TestTargetID = 2984F7351D24BED80039AE7F;
					};
				};
			};
			buildConfigurationList = 2984F7311D24BED80039AE7F /* Build configuration list for PBXProject "FindStarViewer" */;
			compatibilityVersion = "Xcode 3.2";
			developmentRegion = English;
			hasScannedForEncodings = 0;
			knownRegions = (
				en,
				Base,
			);
			mainGroup = 2984F72D1D24BED80039AE7F;
			productRefGroup = 2984F7371D24BED80039AE7F /* Products */;
			projectDirPath = "";
			projectRoot = "";
			targets = (
				2984F7351D24BED80039AE7F /* FindStarViewer */,
				2984F7491D24BED80039AE7F /* FindStarViewerTests */,
				2984F7541D24BED80039AE7F /* FindStarViewerUITests */,
			);
		};
/* End PBXProject section */

/* Begin PBXResourcesBuildPhase section */
		2984F7341D24BED80039AE7F /* Resources */ = {
			isa = PBXResourcesBuildPhase;
			buildActionMask = 2147483647;
			files = (
				2984F7441D24BED80039AE7F /* LaunchScreen.storyboard in Resources */,
				2984F7411D24BED80039AE7F /* Assets.xcassets in Resources */,
				2984F73F1D24BED80039AE7F /* Main.storyboard in Resources */,
			);
			runOnlyForDeploymentPostprocessing = 0;
		};
		2984F7481D24BED80039AE7F /* Resources */ = {
			isa = PBXResourcesBuildPhase;
			buildActionMask = 2147483647;
			files = (
			);
			runOnlyForDeploymentPostprocessing = 0;
		};
		2984F7531D24BED80039AE7F /* Resources */ = {
			isa = PBXResourcesBuildPhase;
			buildActionMask = 2147483647;
			files = (
			);
			runOnlyForDeploymentPostprocessing = 0;
		};
/* End PBXResourcesBuildPhase section */

/* Begin PBXSourcesBuildPhase section */
		2984F7321D24BED80039AE7F /* Sources */ = {
			isa = PBXSourcesBuildPhase;
			buildActionMask = 2147483647;
			files = (
				2984F73C1D24BED80039AE7F /* ViewController.swift in Sources */,
				2984F73A1D24BED80039AE7F /* AppDelegate.swift in Sources */,
			);
			runOnlyForDeploymentPostprocessing = 0;
		};
		2984F7461D24BED80039AE7F /* Sources */ = {
			isa = PBXSourcesBuildPhase;
			buildActionMask = 2147483647;
			files = (
				2984F74F1D24BED80039AE7F /* FindStarViewerTests.swift in Sources */,
			);
			runOnlyForDeploymentPostprocessing = 0;
		};
		2984F7511D24BED80039AE7F /* Sources */ = {
			isa = PBXSourcesBuildPhase;
			buildActionMask = 2147483647;
			files = (
				2984F75A1D24BED80039AE7F /* FindStarViewerUITests.swift in Sources */,
			);
			runOnlyForDeploymentPostprocessing = 0;
		};
/* End PBXSourcesBuildPhase section */

/* Begin PBXTargetDependency section */
		2984F74C1D24BED80039AE7F /* PBXTargetDependency */ = {
			isa = PBXTargetDependency;
			target = 2984F7351D24BED80039AE7F /* FindStarViewer */;
			targetProxy = 2984F74B1D24BED80039AE7F /* PBXContainerItemProxy */;
		};
		2984F7571D24BED80039AE7F /* PBXTargetDependency */ = {
			isa = PBXTargetDependency;
			target = 2984F7351D24BED80039AE7F /* FindStarViewer */;
			targetProxy = 2984F7561D24BED80039AE7F /* PBXContainerItemProxy */;
		};
/* End PBXTargetDependency section */

/* Begin PBXVariantGroup section */
		2984F73D1D24BED80039AE7F /* Main.storyboard */ = {
			isa = PBXVariantGroup;
			children = (
				2984F73E1D24BED80039AE7F /* Base */,
			);
			name = Main.storyboard;
			sourceTree = "<group>";
		};
		2984F7421D24BED80039AE7F /* LaunchScreen.storyboard */ = {
			isa = PBXVariantGroup;
			children = (
				2984F7431D24BED80039AE7F /* Base */,
			);
			name = LaunchScreen.storyboard;
			sourceTree = "<group>";
		};
/* End PBXVariantGroup section */

/* Begin XCBuildConfiguration section */
		2984F75C1D24BED80039AE7F /* Debug */ = {
			isa = XCBuildConfiguration;
			buildSettings = {
				ALWAYS_SEARCH_USER_PATHS = NO;
				CLANG_ANALYZER_NONNULL = YES;
				CLANG_CXX_LANGUAGE_STANDARD = "gnu++0x";
				CLANG_CXX_LIBRARY = "libc++";
				CLANG_ENABLE_MODULES = YES;
				CLANG_ENABLE_OBJC_ARC = YES;
				CLANG_WARN_BOOL_CONVERSION = YES;
				CLANG_WARN_CONSTANT_CONVERSION = YES;
				CLANG_WARN_DIRECT_OBJC_ISA_USAGE = YES_ERROR;
				CLANG_WARN_EMPTY_BODY = YES;
				CLANG_WARN_ENUM_CONVERSION = YES;
				CLANG_WARN_INT_CONVERSION = YES;
				CLANG_WARN_OBJC_ROOT_CLASS = YES_ERROR;
				CLANG_WARN_UNREACHABLE_CODE = YES;
				CLANG_WARN__DUPLICATE_METHOD_MATCH = YES;
				"CODE_SIGN_IDENTITY[sdk=iphoneos*]" = "iPhone Developer";
				COPY_PHASE_STRIP = NO;
				DEBUG_INFORMATION_FORMAT = dwarf;
				ENABLE_STRICT_OBJC_MSGSEND = YES;
				ENABLE_TESTABILITY = YES;
				GCC_C_LANGUAGE_STANDARD = gnu99;
				GCC_DYNAMIC_NO_PIC = NO;
				GCC_NO_COMMON_BLOCKS = YES;
				GCC_OPTIMIZATION_LEVEL = 0;
				GCC_PREPROCESSOR_DEFINITIONS = (
					"DEBUG=1",
					"$(inherited)",
				);
				GCC_WARN_64_TO_32_BIT_CONVERSION = YES;
				GCC_WARN_ABOUT_RETURN_TYPE = YES_ERROR;
				GCC_WARN_UNDECLARED_SELECTOR = YES;
				GCC_WARN_UNINITIALIZED_AUTOS = YES_AGGRESSIVE;
				GCC_WARN_UNUSED_FUNCTION = YES;
				GCC_WARN_UNUSED_VARIABLE = YES;
				IPHONEOS_DEPLOYMENT_TARGET = 9.3;
				MTL_ENABLE_DEBUG_INFO = YES;
				ONLY_ACTIVE_ARCH = YES;
				SDKROOT = iphoneos;
				SWIFT_OPTIMIZATION_LEVEL = "-Onone";
				TARGETED_DEVICE_FAMILY = "1,2";
			};
			name = Debug;
		};
		2984F75D1D24BED80039AE7F /* Release */ = {
			isa = XCBuildConfiguration;
			buildSettings = {
				ALWAYS_SEARCH_USER_PATHS = NO;
				CLANG_ANALYZER_NONNULL = YES;
				CLANG_CXX_LANGUAGE_STANDARD = "gnu++0x";
				CLANG_CXX_LIBRARY = "libc++";
				CLANG_ENABLE_MODULES = YES;
				CLANG_ENABLE_OBJC_ARC = YES;
				CLANG_WARN_BOOL_CONVERSION = YES;
				CLANG_WARN_CONSTANT_CONVERSION = YES;
				CLANG_WARN_DIRECT_OBJC_ISA_USAGE = YES_ERROR;
				CLANG_WARN_EMPTY_BODY = YES;
				CLANG_WARN_ENUM_CONVERSION = YES;
				CLANG_WARN_INT_CONVERSION = YES;
				CLANG_WARN_OBJC_ROOT_CLASS = YES_ERROR;
				CLANG_WARN_UNREACHABLE_CODE = YES;
				CLANG_WARN__DUPLICATE_METHOD_MATCH = YES;
				"CODE_SIGN_IDENTITY[sdk=iphoneos*]" = "iPhone Developer";
				COPY_PHASE_STRIP = NO;
				DEBUG_INFORMATION_FORMAT = "dwarf-with-dsym";
				ENABLE_NS_ASSERTIONS = NO;
				ENABLE_STRICT_OBJC_MSGSEND = YES;
				GCC_C_LANGUAGE_STANDARD = gnu99;
				GCC_NO_COMMON_BLOCKS = YES;
				GCC_WARN_64_TO_32_BIT_CONVERSION = YES;
				GCC_WARN_ABOUT_RETURN_TYPE = YES_ERROR;
				GCC_WARN_UNDECLARED_SELECTOR = YES;
				GCC_WARN_UNINITIALIZED_AUTOS = YES_AGGRESSIVE;
				GCC_WARN_UNUSED_FUNCTION = YES;
				GCC_WARN_UNUSED_VARIABLE = YES;
				IPHONEOS_DEPLOYMENT_TARGET = 9.3;
				MTL_ENABLE_DEBUG_INFO = NO;
				SDKROOT = iphoneos;
				TARGETED_DEVICE_FAMILY = "1,2";
				VALIDATE_PRODUCT = YES;
			};
			name = Release;
		};
		2984F75F1D24BED80039AE7F /* Debug */ = {
			isa = XCBuildConfiguration;
			buildSettings = {
				ASSETCATALOG_COMPILER_APPICON_NAME = AppIcon;
				INFOPLIST_FILE = FindStarViewer/Info.plist;
				LD_RUNPATH_SEARCH_PATHS = "$(inherited) @executable_path/Frameworks";
				PRODUCT_BUNDLE_IDENTIFIER = com.kongmings.FindStarViewer;
				PRODUCT_NAME = "$(TARGET_NAME)";
			};
			name = Debug;
		};
		2984F7601D24BED80039AE7F /* Release */ = {
			isa = XCBuildConfiguration;
			buildSettings = {
				ASSETCATALOG_COMPILER_APPICON_NAME = AppIcon;
				INFOPLIST_FILE = FindStarViewer/Info.plist;
				LD_RUNPATH_SEARCH_PATHS = "$(inherited) @executable_path/Frameworks";
				PRODUCT_BUNDLE_IDENTIFIER = com.kongmings.FindStarViewer;
				PRODUCT_NAME = "$(TARGET_NAME)";
			};
			name = Release;
		};
		2984F7621D24BED80039AE7F /* Debug */ = {
			isa = XCBuildConfiguration;
			buildSettings = {
				BUNDLE_LOADER = "$(TEST_HOST)";
				INFOPLIST_FILE = FindStarViewerTests/Info.plist;
				LD_RUNPATH_SEARCH_PATHS = "$(inherited) @executable_path/Frameworks @loader_path/Frameworks";
				PRODUCT_BUNDLE_IDENTIFIER = com.kongmings.FindStarViewerTests;
				PRODUCT_NAME = "$(TARGET_NAME)";
				TEST_HOST = "$(BUILT_PRODUCTS_DIR)/FindStarViewer.app/FindStarViewer";
			};
			name = Debug;
		};
		2984F7631D24BED80039AE7F /* Release */ = {
			isa = XCBuildConfiguration;
			buildSettings = {
				BUNDLE_LOADER = "$(TEST_HOST)";
				INFOPLIST_FILE = FindStarViewerTests/Info.plist;
				LD_RUNPATH_SEARCH_PATHS = "$(inherited) @executable_path/Frameworks @loader_path/Frameworks";
				PRODUCT_BUNDLE_IDENTIFIER = com.kongmings.FindStarViewerTests;
				PRODUCT_NAME = "$(TARGET_NAME)";
				TEST_HOST = "$(BUILT_PRODUCTS_DIR)/FindStarViewer.app/FindStarViewer";
			};
			name = Release;
		};
		2984F7651D24BED80039AE7F /* Debug */ = {
			isa = XCBuildConfiguration;
			buildSettings = {
				INFOPLIST_FILE = FindStarViewerUITests/Info.plist;
				LD_RUNPATH_SEARCH_PATHS = "$(inherited) @executable_path/Frameworks @loader_path/Frameworks";
				PRODUCT_BUNDLE_IDENTIFIER = com.kongmings.FindStarViewerUITests;
				PRODUCT_NAME = "$(TARGET_NAME)";
				TEST_TARGET_NAME = FindStarViewer;
			};
			name = Debug;
		};
		2984F7661D24BED80039AE7F /* Release */ = {
			isa = XCBuildConfiguration;
			buildSettings = {
				INFOPLIST_FILE = FindStarViewerUITests/Info.plist;
				LD_RUNPATH_SEARCH_PATHS = "$(inherited) @executable_path/Frameworks @loader_path/Frameworks";
				PRODUCT_BUNDLE_IDENTIFIER = com.kongmings.FindStarViewerUITests;
				PRODUCT_NAME = "$(TARGET_NAME)";
				TEST_TARGET_NAME = FindStarViewer;
			};
			name = Release;
		};
/* End XCBuildConfiguration section */

/* Begin XCConfigurationList section */
		2984F7311D24BED80039AE7F /* Build configuration list for PBXProject "FindStarViewer" */ = {
			isa = XCConfigurationList;
			buildConfigurations = (
				2984F75C1D24BED80039AE7F /* Debug */,
				2984F75D1D24BED80039AE7F /* Release */,
			);
			defaultConfigurationIsVisible = 0;
			defaultConfigurationName = Release;
		};
		2984F75E1D24BED80039AE7F /* Build configuration list for PBXNativeTarget "FindStarViewer" */ = {
			isa = XCConfigurationList;
			buildConfigurations = (
				2984F75F1D24BED80039AE7F /* Debug */,
				2984F7601D24BED80039AE7F /* Release */,
			);
			defaultConfigurationIsVisible = 0;
		};
		2984F7611D24BED80039AE7F /* Build configuration list for PBXNativeTarget "FindStarViewerTests" */ = {
			isa = XCConfigurationList;
			buildConfigurations = (
				2984F7621D24BED80039AE7F /* Debug */,
				2984F7631D24BED80039AE7F /* Release */,
			);
			defaultConfigurationIsVisible = 0;
		};
		2984F7641D24BED80039AE7F /* Build configuration list for PBXNativeTarget "FindStarViewerUITests" */ = {
			isa = XCConfigurationList;
			buildConfigurations = (
				2984F7651D24BED80039AE7F /* Debug */,
				2984F7661D24BED80039AE7F /* Release */,
			);
			defaultConfigurationIsVisible = 0;
		};
/* End XCConfigurationList section */
	};
	rootObject = 2984F72E1D24BED80039AE7F /* Project object */;
}
